
Microsoft Visual Studio Solution File, Format Version 11.00
# Visual Studio 2010
Project("{FAE04EC0-301F-11D3-BF4B-00C04F79EFBC}") = "Assembly-CSharp", "Assembly-CSharp.csproj", "{02F4FE62-D1D4-F5CA-E21F-19A7DEB2117C}"
EndProject
Project("{FAE04EC0-301F-11D3-BF4B-00C04F79EFBC}") = "Assembly-CSharp-Editor", "Assembly-CSharp-Editor.csproj", "{79D3531E-2129-1B9F-E5AF-62BCF0149500}"
EndProject
Global
	GlobalSection(SolutionConfigurationPlatforms) = preSolution
		Debug|Any CPU = Debug|Any CPU
		Release|Any CPU = Release|Any CPU
	EndGlobalSection
	GlobalSection(ProjectConfigurationPlatforms) = postSolution
		{02F4FE62-D1D4-F5CA-E21F-19A7DEB2117C}.Debug|Any CPU.ActiveCfg = Debug|Any CPU
		{02F4FE62-D1D4-F5CA-E21F-19A7DEB2117C}.Debug|Any CPU.Build.0 = Debug|Any CPU
		{02F4FE62-D1D4-F5CA-E21F-19A7DEB2117C}.Release|Any CPU.ActiveCfg = Release|Any CPU
		{02F4FE62-D1D4-F5CA-E21F-19A7DEB2117C}.Release|Any CPU.Build.0 = Release|Any CPU
		{79D3531E-2129-1B9F-E5AF-62BCF0149500}.Debug|Any CPU.ActiveCfg = Debug|Any CPU
		{79D3531E-2129-1B9F-E5AF-62BCF0149500}.Debug|Any CPU.Build.0 = Debug|Any CPU
		{79D3531E-2129-1B9F-E5AF-62BCF0149500}.Release|Any CPU.ActiveCfg = Release|Any CPU
		{79D3531E-2129-1B9F-E5AF-62BCF0149500}.Release|Any CPU.Build.0 = Release|Any CPU
	EndGlobalSection
	GlobalSection(SolutionProperties) = preSolution
		HideSolutionNode = FALSE
	EndGlobalSection
EndGlobal
